// !$*UTF8*$!
{
	archiveVersion = 1;
	classes = {
	};
	objectVersion = 50;
	objects = {

/* Begin PBXBuildFile section */
		C28DE49422457B4E00003899 /* AppDelegate.swift in Sources */ = {isa = PBXBuildFile; fileRef = C28DE49322457B4E00003899 /* AppDelegate.swift */; };
		C28DE49622457B4E00003899 /* GameScene.sks in Resources */ = {isa = PBXBuildFile; fileRef = C28DE49522457B4E00003899 /* GameScene.sks */; };
		C28DE49822457B4E00003899 /* Actions.sks in Resources */ = {isa = PBXBuildFile; fileRef = C28DE49722457B4E00003899 /* Actions.sks */; };
		C28DE49A22457B4E00003899 /* GameScene.swift in Sources */ = {isa = PBXBuildFile; fileRef = C28DE49922457B4E00003899 /* GameScene.swift */; };
		C28DE49C22457B4E00003899 /* GameViewController.swift in Sources */ = {isa = PBXBuildFile; fileRef = C28DE49B22457B4E00003899 /* GameViewController.swift */; };
		C28DE49F22457B4E00003899 /* Main.storyboard in Resources */ = {isa = PBXBuildFile; fileRef = C28DE49D22457B4E00003899 /* Main.storyboard */; };
		C28DE4A122457B5200003899 /* Assets.xcassets in Resources */ = {isa = PBXBuildFile; fileRef = C28DE4A022457B5200003899 /* Assets.xcassets */; };
		C28DE4A422457B5200003899 /* LaunchScreen.storyboard in Resources */ = {isa = PBXBuildFile; fileRef = C28DE4A222457B5200003899 /* LaunchScreen.storyboard */; };
		C28DE4AF22457B5200003899 /* TicTacToeGTests.swift in Sources */ = {isa = PBXBuildFile; fileRef = C28DE4AE22457B5200003899 /* TicTacToeGTests.swift */; };
		C28DE4BA22457B5200003899 /* TicTacToeGUITests.swift in Sources */ = {isa = PBXBuildFile; fileRef = C28DE4B922457B5200003899 /* TicTacToeGUITests.swift */; };
/* End PBXBuildFile section */

/* Begin PBXContainerItemProxy section */
		C28DE4AB22457B5200003899 /* PBXContainerItemProxy */ = {
			isa = PBXContainerItemProxy;
			containerPortal = C28DE48822457B4E00003899 /* Project object */;
			proxyType = 1;
			remoteGlobalIDString = C28DE48F22457B4E00003899;
			remoteInfo = TicTacToeG;
		};
		C28DE4B622457B5200003899 /* PBXContainerItemProxy */ = {
			isa = PBXContainerItemProxy;
			containerPortal = C28DE48822457B4E00003899 /* Project object */;
			proxyType = 1;
			remoteGlobalIDString = C28DE48F22457B4E00003899;
			remoteInfo = TicTacToeG;
		};
/* End PBXContainerItemProxy section */

/* Begin PBXFileReference section */
		C28DE49022457B4E00003899 /* TicTacToeG.app */ = {isa = PBXFileReference; explicitFileType = wrapper.application; includeInIndex = 0; path = TicTacToeG.app; sourceTree = BUILT_PRODUCTS_DIR; };
		C28DE49322457B4E00003899 /* AppDelegate.swift */ = {isa = PBXFileReference; lastKnownFileType = sourcecode.swift; path = AppDelegate.swift; sourceTree = "<group>"; };
		C28DE49522457B4E00003899 /* GameScene.sks */ = {isa = PBXFileReference; lastKnownFileType = file.sks; path = GameScene.sks; sourceTree = "<group>"; };
		C28DE49722457B4E00003899 /* Actions.sks */ = {isa = PBXFileReference; lastKnownFileType = file.sks; path = Actions.sks; sourceTree = "<group>"; };
		C28DE49922457B4E00003899 /* GameScene.swift */ = {isa = PBXFileReference; lastKnownFileType = sourcecode.swift; path = GameScene.swift; sourceTree = "<group>"; };
		C28DE49B22457B4E00003899 /* GameViewController.swift */ = {isa = PBXFileReference; lastKnownFileType = sourcecode.swift; path = GameViewController.swift; sourceTree = "<group>"; };
		C28DE49E22457B4E00003899 /* Base */ = {isa = PBXFileReference; lastKnownFileType = file.storyboard; name = Base; path = Base.lproj/Main.storyboard; sourceTree = "<group>"; };
		C28DE4A022457B5200003899 /* Assets.xcassets */ = {isa = PBXFileReference; lastKnownFileType = folder.assetcatalog; path = Assets.xcassets; sourceTree = "<group>"; };
		C28DE4A322457B5200003899 /* Base */ = {isa = PBXFileReference; lastKnownFileType = file.storyboard; name = Base; path = Base.lproj/LaunchScreen.storyboard; sourceTree = "<group>"; };
		C28DE4A522457B5200003899 /* Info.plist */ = {isa = PBXFileReference; lastKnownFileType = text.plist.xml; path = Info.plist; sourceTree = "<group>"; };
		C28DE4AA22457B5200003899 /* TicTacToeGTests.xctest */ = {isa = PBXFileReference; explicitFileType = wrapper.cfbundle; includeInIndex = 0; path = TicTacToeGTests.xctest; sourceTree = BUILT_PRODUCTS_DIR; };
		C28DE4AE22457B5200003899 /* TicTacToeGTests.swift */ = {isa = PBXFileReference; lastKnownFileType = sourcecode.swift; path = TicTacToeGTests.swift; sourceTree = "<group>"; };
		C28DE4B022457B5200003899 /* Info.plist */ = {isa = PBXFileReference; lastKnownFileType = text.plist.xml; path = Info.plist; sourceTree = "<group>"; };
		C28DE4B522457B5200003899 /* TicTacToeGUITests.xctest */ = {isa = PBXFileReference; explicitFileType = wrapper.cfbundle; includeInIndex = 0; path = TicTacToeGUITests.xctest; sourceTree = BUILT_PRODUCTS_DIR; };
		C28DE4B922457B5200003899 /* TicTacToeGUITests.swift */ = {isa = PBXFileReference; lastKnownFileType = sourcecode.swift; path = TicTacToeGUITests.swift; sourceTree = "<group>"; };
		C28DE4BB22457B5200003899 /* Info.plist */ = {isa = PBXFileReference; lastKnownFileType = text.plist.xml; path = Info.plist; sourceTree = "<group>"; };
/* End PBXFileReference section */

/* Begin PBXFrameworksBuildPhase section */
		C28DE48D22457B4E00003899 /* Frameworks */ = {
			isa = PBXFrameworksBuildPhase;
			buildActionMask = 2147483647;
			files = (
			);
			runOnlyForDeploymentPostprocessing = 0;
		};
		C28DE4A722457B5200003899 /* Frameworks */ = {
			isa = PBXFrameworksBuildPhase;
			buildActionMask = 2147483647;
			files = (
			);
			runOnlyForDeploymentPostprocessing = 0;
		};
		C28DE4B222457B5200003899 /* Frameworks */ = {
			isa = PBXFrameworksBuildPhase;
			buildActionMask = 2147483647;
			files = (
			);
			runOnlyForDeploymentPostprocessing = 0;
		};
/* End PBXFrameworksBuildPhase section */

/* Begin PBXGroup section */
		C28DE48722457B4E00003899 = {
			isa = PBXGroup;
			children = (
				C28DE49222457B4E00003899 /* TicTacToeG */,
				C28DE4AD22457B5200003899 /* TicTacToeGTests */,
				C28DE4B822457B5200003899 /* TicTacToeGUITests */,
				C28DE49122457B4E00003899 /* Products */,
			);
			sourceTree = "<group>";
		};
		C28DE49122457B4E00003899 /* Products */ = {
			isa = PBXGroup;
			children = (
				C28DE49022457B4E00003899 /* TicTacToeG.app */,
				C28DE4AA22457B5200003899 /* TicTacToeGTests.xctest */,
				C28DE4B522457B5200003899 /* TicTacToeGUITests.xctest */,
			);
			name = Products;
			sourceTree = "<group>";
		};
		C28DE49222457B4E00003899 /* TicTacToeG */ = {
			isa = PBXGroup;
			children = (
				C28DE49322457B4E00003899 /* AppDelegate.swift */,
				C28DE49522457B4E00003899 /* GameScene.sks */,
				C28DE49722457B4E00003899 /* Actions.sks */,
				C28DE49922457B4E00003899 /* GameScene.swift */,
				C28DE49B22457B4E00003899 /* GameViewController.swift */,
				C28DE49D22457B4E00003899 /* Main.storyboard */,
				C28DE4A022457B5200003899 /* Assets.xcassets */,
				C28DE4A222457B5200003899 /* LaunchScreen.storyboard */,
				C28DE4A522457B5200003899 /* Info.plist */,
			);
			path = TicTacToeG;
			sourceTree = "<group>";
		};
		C28DE4AD22457B5200003899 /* TicTacToeGTests */ = {
			isa = PBXGroup;
			children = (
				C28DE4AE22457B5200003899 /* TicTacToeGTests.swift */,
				C28DE4B022457B5200003899 /* Info.plist */,
			);
			path = TicTacToeGTests;
			sourceTree = "<group>";
		};
		C28DE4B822457B5200003899 /* TicTacToeGUITests */ = {
			isa = PBXGroup;
			children = (
				C28DE4B922457B5200003899 /* TicTacToeGUITests.swift */,
				C28DE4BB22457B5200003899 /* Info.plist */,
			);
			path = TicTacToeGUITests;
			sourceTree = "<group>";
		};
/* End PBXGroup section */

/* Begin PBXNativeTarget section */
		C28DE48F22457B4E00003899 /* TicTacToeG */ = {
			isa = PBXNativeTarget;
			buildConfigurationList = C28DE4BE22457B5200003899 /* Build configuration list for PBXNativeTarget "TicTacToeG" */;
			buildPhases = (
				C28DE48C22457B4E00003899 /* Sources */,
				C28DE48D22457B4E00003899 /* Frameworks */,
				C28DE48E22457B4E00003899 /* Resources */,
			);
			buildRules = (
			);
			dependencies = (
			);
			name = TicTacToeG;
			productName = TicTacToeG;
			productReference = C28DE49022457B4E00003899 /* TicTacToeG.app */;
			productType = "com.apple.product-type.application";
		};
		C28DE4A922457B5200003899 /* TicTacToeGTests */ = {
			isa = PBXNativeTarget;
			buildConfigurationList = C28DE4C122457B5200003899 /* Build configuration list for PBXNativeTarget "TicTacToeGTests" */;
			buildPhases = (
				C28DE4A622457B5200003899 /* Sources */,
				C28DE4A722457B5200003899 /* Frameworks */,
				C28DE4A822457B5200003899 /* Resources */,
			);
			buildRules = (
			);
			dependencies = (
				C28DE4AC22457B5200003899 /* PBXTargetDependency */,
			);
			name = TicTacToeGTests;
			productName = TicTacToeGTests;
			productReference = C28DE4AA22457B5200003899 /* TicTacToeGTests.xctest */;
			productType = "com.apple.product-type.bundle.unit-test";
		};
		C28DE4B422457B5200003899 /* TicTacToeGUITests */ = {
			isa = PBXNativeTarget;
			buildConfigurationList = C28DE4C422457B5200003899 /* Build configuration list for PBXNativeTarget "TicTacToeGUITests" */;
			buildPhases = (
				C28DE4B122457B5200003899 /* Sources */,
				C28DE4B222457B5200003899 /* Frameworks */,
				C28DE4B322457B5200003899 /* Resources */,
			);
			buildRules = (
			);
			dependencies = (
				C28DE4B722457B5200003899 /* PBXTargetDependency */,
			);
			name = TicTacToeGUITests;
			productName = TicTacToeGUITests;
			productReference = C28DE4B522457B5200003899 /* TicTacToeGUITests.xctest */;
			productType = "com.apple.product-type.bundle.ui-testing";
		};
/* End PBXNativeTarget section */

/* Begin PBXProject section */
		C28DE48822457B4E00003899 /* Project object */ = {
			isa = PBXProject;
			attributes = {
				LastSwiftUpdateCheck = 1010;
				LastUpgradeCheck = 1010;
				ORGANIZATIONNAME = "Mike Dix";
				TargetAttributes = {
					C28DE48F22457B4E00003899 = {
						CreatedOnToolsVersion = 10.1;
					};
					C28DE4A922457B5200003899 = {
						CreatedOnToolsVersion = 10.1;
						TestTargetID = C28DE48F22457B4E00003899;
					};
					C28DE4B422457B5200003899 = {
						CreatedOnToolsVersion = 10.1;
						TestTargetID = C28DE48F22457B4E00003899;
					};
				};
			};
			buildConfigurationList = C28DE48B22457B4E00003899 /* Build configuration list for PBXProject "TicTacToeG" */;
			compatibilityVersion = "Xcode 9.3";
			developmentRegion = en;
			hasScannedForEncodings = 0;
			knownRegions = (
				en,
				Base,
			);
			mainGroup = C28DE48722457B4E00003899;
			productRefGroup = C28DE49122457B4E00003899 /* Products */;
			projectDirPath = "";
			projectRoot = "";
			targets = (
				C28DE48F22457B4E00003899 /* TicTacToeG */,
				C28DE4A922457B5200003899 /* TicTacToeGTests */,
				C28DE4B422457B5200003899 /* TicTacToeGUITests */,
			);
		};
/* End PBXProject section */

/* Begin PBXResourcesBuildPhase section */
		C28DE48E22457B4E00003899 /* Resources */ = {
			isa = PBXResourcesBuildPhase;
			buildActionMask = 2147483647;
			files = (
				C28DE49F22457B4E00003899 /* Main.storyboard in Resources */,
				C28DE49622457B4E00003899 /* GameScene.sks in Resources */,
				C28DE4A122457B5200003899 /* Assets.xcassets in Resources */,
				C28DE4A422457B5200003899 /* LaunchScreen.storyboard in Resources */,
				C28DE49822457B4E00003899 /* Actions.sks in Resources */,
			);
			runOnlyForDeploymentPostprocessing = 0;
		};
		C28DE4A822457B5200003899 /* Resources */ = {
			isa = PBXResourcesBuildPhase;
			buildActionMask = 2147483647;
			files = (
			);
			runOnlyForDeploymentPostprocessing = 0;
		};
		C28DE4B322457B5200003899 /* Resources */ = {
			isa = PBXResourcesBuildPhase;
			buildActionMask = 2147483647;
			files = (
			);
			runOnlyForDeploymentPostprocessing = 0;
		};
/* End PBXResourcesBuildPhase section */

/* Begin PBXSourcesBuildPhase section */
		C28DE48C22457B4E00003899 /* Sources */ = {
			isa = PBXSourcesBuildPhase;
			buildActionMask = 2147483647;
			files = (
				C28DE49A22457B4E00003899 /* GameScene.swift in Sources */,
				C28DE49C22457B4E00003899 /* GameViewController.swift in Sources */,
				C28DE49422457B4E00003899 /* AppDelegate.swift in Sources */,
			);
			runOnlyForDeploymentPostprocessing = 0;
		};
		C28DE4A622457B5200003899 /* Sources */ = {
			isa = PBXSourcesBuildPhase;
			buildActionMask = 2147483647;
			files = (
				C28DE4AF22457B5200003899 /* TicTacToeGTests.swift in Sources */,
			);
			runOnlyForDeploymentPostprocessing = 0;
		};
		C28DE4B122457B5200003899 /* Sources */ = {
			isa = PBXSourcesBuildPhase;
			buildActionMask = 2147483647;
			files = (
				C28DE4BA22457B5200003899 /* TicTacToeGUITests.swift in Sources */,
			);
			runOnlyForDeploymentPostprocessing = 0;
		};
/* End PBXSourcesBuildPhase section */

/* Begin PBXTargetDependency section */
		C28DE4AC22457B5200003899 /* PBXTargetDependency */ = {
			isa = PBXTargetDependency;
			target = C28DE48F22457B4E00003899 /* TicTacToeG */;
			targetProxy = C28DE4AB22457B5200003899 /* PBXContainerItemProxy */;
		};
		C28DE4B722457B5200003899 /* PBXTargetDependency */ = {
			isa = PBXTargetDependency;
			target = C28DE48F22457B4E00003899 /* TicTacToeG */;
			targetProxy = C28DE4B622457B5200003899 /* PBXContainerItemProxy */;
		};
/* End PBXTargetDependency section */

/* Begin PBXVariantGroup section */
		C28DE49D22457B4E00003899 /* Main.storyboard */ = {
			isa = PBXVariantGroup;
			children = (
				C28DE49E22457B4E00003899 /* Base */,
			);
			name = Main.storyboard;
			sourceTree = "<group>";
		};
		C28DE4A222457B5200003899 /* LaunchScreen.storyboard */ = {
			isa = PBXVariantGroup;
			children = (
				C28DE4A322457B5200003899 /* Base */,
			);
			name = LaunchScreen.storyboard;
			sourceTree = "<group>";
		};
/* End PBXVariantGroup section */

/* Begin XCBuildConfiguration section */
		C28DE4BC22457B5200003899 /* Debug */ = {
			isa = XCBuildConfiguration;
			buildSettings = {
				ALWAYS_SEARCH_USER_PATHS = NO;
				CLANG_ANALYZER_NONNULL = YES;
				CLANG_ANALYZER_NUMBER_OBJECT_CONVERSION = YES_AGGRESSIVE;
				CLANG_CXX_LANGUAGE_STANDARD = "gnu++14";
				CLANG_CXX_LIBRARY = "libc++";
				CLANG_ENABLE_MODULES = YES;
				CLANG_ENABLE_OBJC_ARC = YES;
				CLANG_ENABLE_OBJC_WEAK = YES;
				CLANG_WARN_BLOCK_CAPTURE_AUTORELEASING = YES;
				CLANG_WARN_BOOL_CONVERSION = YES;
				CLANG_WARN_COMMA = YES;
				CLANG_WARN_CONSTANT_CONVERSION = YES;
				CLANG_WARN_DEPRECATED_OBJC_IMPLEMENTATIONS = YES;
				CLANG_WARN_DIRECT_OBJC_ISA_USAGE = YES_ERROR;
				CLANG_WARN_DOCUMENTATION_COMMENTS = YES;
				CLANG_WARN_EMPTY_BODY = YES;
				CLANG_WARN_ENUM_CONVERSION = YES;
				CLANG_WARN_INFINITE_RECURSION = YES;
				CLANG_WARN_INT_CONVERSION = YES;
				CLANG_WARN_NON_LITERAL_NULL_CONVERSION = YES;
				CLANG_WARN_OBJC_IMPLICIT_RETAIN_SELF = YES;
				CLANG_WARN_OBJC_LITERAL_CONVERSION = YES;
				CLANG_WARN_OBJC_ROOT_CLASS = YES_ERROR;
				CLANG_WARN_RANGE_LOOP_ANALYSIS = YES;
				CLANG_WARN_STRICT_PROTOTYPES = YES;
				CLANG_WARN_SUSPICIOUS_MOVE = YES;
				CLANG_WARN_UNGUARDED_AVAILABILITY = YES_AGGRESSIVE;
				CLANG_WARN_UNREACHABLE_CODE = YES;
				CLANG_WARN__DUPLICATE_METHOD_MATCH = YES;
				CODE_SIGN_IDENTITY = "iPhone Developer";
				COPY_PHASE_STRIP = NO;
				DEBUG_INFORMATION_FORMAT = dwarf;
				ENABLE_STRICT_OBJC_MSGSEND = YES;
				ENABLE_TESTABILITY = YES;
				GCC_C_LANGUAGE_STANDARD = gnu11;
				GCC_DYNAMIC_NO_PIC = NO;
				GCC_NO_COMMON_BLOCKS = YES;
				GCC_OPTIMIZATION_LEVEL = 0;
				GCC_PREPROCESSOR_DEFINITIONS = (
					"DEBUG=1",
					"$(inherited)",
				);
				GCC_WARN_64_TO_32_BIT_CONVERSION = YES;
				GCC_WARN_ABOUT_RETURN_TYPE = YES_ERROR;
				GCC_WARN_UNDECLARED_SELECTOR = YES;
				GCC_WARN_UNINITIALIZED_AUTOS = YES_AGGRESSIVE;
				GCC_WARN_UNUSED_FUNCTION = YES;
				GCC_WARN_UNUSED_VARIABLE = YES;
				IPHONEOS_DEPLOYMENT_TARGET = 12.1;
				MTL_ENABLE_DEBUG_INFO = INCLUDE_SOURCE;
				MTL_FAST_MATH = YES;
				ONLY_ACTIVE_ARCH = YES;
				SDKROOT = iphoneos;
				SWIFT_ACTIVE_COMPILATION_CONDITIONS = DEBUG;
				SWIFT_OPTIMIZATION_LEVEL = "-Onone";
			};
			name = Debug;
		};
		C28DE4BD22457B5200003899 /* Release */ = {
			isa = XCBuildConfiguration;
			buildSettings = {
				ALWAYS_SEARCH_USER_PATHS = NO;
				CLANG_ANALYZER_NONNULL = YES;
				CLANG_ANALYZER_NUMBER_OBJECT_CONVERSION = YES_AGGRESSIVE;
				CLANG_CXX_LANGUAGE_STANDARD = "gnu++14";
				CLANG_CXX_LIBRARY = "libc++";
				CLANG_ENABLE_MODULES = YES;
				CLANG_ENABLE_OBJC_ARC = YES;
				CLANG_ENABLE_OBJC_WEAK = YES;
				CLANG_WARN_BLOCK_CAPTURE_AUTORELEASING = YES;
				CLANG_WARN_BOOL_CONVERSION = YES;
				CLANG_WARN_COMMA = YES;
				CLANG_WARN_CONSTANT_CONVERSION = YES;
				CLANG_WARN_DEPRECATED_OBJC_IMPLEMENTATIONS = YES;
				CLANG_WARN_DIRECT_OBJC_ISA_USAGE = YES_ERROR;
				CLANG_WARN_DOCUMENTATION_COMMENTS = YES;
				CLANG_WARN_EMPTY_BODY = YES;
				CLANG_WARN_ENUM_CONVERSION = YES;
				CLANG_WARN_INFINITE_RECURSION = YES;
				CLANG_WARN_INT_CONVERSION = YES;
				CLANG_WARN_NON_LITERAL_NULL_CONVERSION = YES;
				CLANG_WARN_OBJC_IMPLICIT_RETAIN_SELF = YES;
				CLANG_WARN_OBJC_LITERAL_CONVERSION = YES;
				CLANG_WARN_OBJC_ROOT_CLASS = YES_ERROR;
				CLANG_WARN_RANGE_LOOP_ANALYSIS = YES;
				CLANG_WARN_STRICT_PROTOTYPES = YES;
				CLANG_WARN_SUSPICIOUS_MOVE = YES;
				CLANG_WARN_UNGUARDED_AVAILABILITY = YES_AGGRESSIVE;
				CLANG_WARN_UNREACHABLE_CODE = YES;
				CLANG_WARN__DUPLICATE_METHOD_MATCH = YES;
				CODE_SIGN_IDENTITY = "iPhone Developer";
				COPY_PHASE_STRIP = NO;
				DEBUG_INFORMATION_FORMAT = "dwarf-with-dsym";
				ENABLE_NS_ASSERTIONS = NO;
				ENABLE_STRICT_OBJC_MSGSEND = YES;
				GCC_C_LANGUAGE_STANDARD = gnu11;
				GCC_NO_COMMON_BLOCKS = YES;
				GCC_WARN_64_TO_32_BIT_CONVERSION = YES;
				GCC_WARN_ABOUT_RETURN_TYPE = YES_ERROR;
				GCC_WARN_UNDECLARED_SELECTOR = YES;
				GCC_WARN_UNINITIALIZED_AUTOS = YES_AGGRESSIVE;
				GCC_WARN_UNUSED_FUNCTION = YES;
				GCC_WARN_UNUSED_VARIABLE = YES;
				IPHONEOS_DEPLOYMENT_TARGET = 12.1;
				MTL_ENABLE_DEBUG_INFO = NO;
				MTL_FAST_MATH = YES;
				SDKROOT = iphoneos;
				SWIFT_COMPILATION_MODE = wholemodule;
				SWIFT_OPTIMIZATION_LEVEL = "-O";
				VALIDATE_PRODUCT = YES;
			};
			name = Release;
		};
		C28DE4BF22457B5200003899 /* Debug */ = {
			isa = XCBuildConfiguration;
			buildSettings = {
				ASSETCATALOG_COMPILER_APPICON_NAME = AppIcon;
				CODE_SIGN_STYLE = Automatic;
				DEVELOPMENT_TEAM = 3494AN3YUF;
				INFOPLIST_FILE = TicTacToeG/Info.plist;
				LD_RUNPATH_SEARCH_PATHS = (
					"$(inherited)",
					"@executable_path/Frameworks",
				);
				PRODUCT_BUNDLE_IDENTIFIER = GodFlowDix.TicTacToeG;
				PRODUCT_NAME = "$(TARGET_NAME)";
				SWIFT_VERSION = 4.2;
				TARGETED_DEVICE_FAMILY = "1,2";
			};
			name = Debug;
		};
		C28DE4C022457B5200003899 /* Release */ = {
			isa = XCBuildConfiguration;
			buildSettings = {
				ASSETCATALOG_COMPILER_APPICON_NAME = AppIcon;
				CODE_SIGN_STYLE = Automatic;
				DEVELOPMENT_TEAM = 3494AN3YUF;
				INFOPLIST_FILE = TicTacToeG/Info.plist;
				LD_RUNPATH_SEARCH_PATHS = (
					"$(inherited)",
					"@executable_path/Frameworks",
				);
				PRODUCT_BUNDLE_IDENTIFIER = GodFlowDix.TicTacToeG;
				PRODUCT_NAME = "$(TARGET_NAME)";
				SWIFT_VERSION = 4.2;
				TARGETED_DEVICE_FAMILY = "1,2";
			};
			name = Release;
		};
		C28DE4C222457B5200003899 /* Debug */ = {
			isa = XCBuildConfiguration;
			buildSettings = {
				ALWAYS_EMBED_SWIFT_STANDARD_LIBRARIES = YES;
				BUNDLE_LOADER = "$(TEST_HOST)";
				CODE_SIGN_STYLE = Automatic;
				DEVELOPMENT_TEAM = 3494AN3YUF;
				INFOPLIST_FILE = TicTacToeGTests/Info.plist;
				LD_RUNPATH_SEARCH_PATHS = (
					"$(inherited)",
					"@executable_path/Frameworks",
					"@loader_path/Frameworks",
				);
				PRODUCT_BUNDLE_IDENTIFIER = GodFlowDix.TicTacToeGTests;
				PRODUCT_NAME = "$(TARGET_NAME)";
				SWIFT_VERSION = 4.2;
				TARGETED_DEVICE_FAMILY = "1,2";
				TEST_HOST = "$(BUILT_PRODUCTS_DIR)/TicTacToeG.app/TicTacToeG";
			};
			name = Debug;
		};
		C28DE4C322457B5200003899 /* Release */ = {
			isa = XCBuildConfiguration;
			buildSettings = {
				ALWAYS_EMBED_SWIFT_STANDARD_LIBRARIES = YES;
				BUNDLE_LOADER = "$(TEST_HOST)";
				CODE_SIGN_STYLE = Automatic;
				DEVELOPMENT_TEAM = 3494AN3YUF;
				INFOPLIST_FILE = TicTacToeGTests/Info.plist;
				LD_RUNPATH_SEARCH_PATHS = (
					"$(inherited)",
					"@executable_path/Frameworks",
					"@loader_path/Frameworks",
				);
				PRODUCT_BUNDLE_IDENTIFIER = GodFlowDix.TicTacToeGTests;
				PRODUCT_NAME = "$(TARGET_NAME)";
				SWIFT_VERSION = 4.2;
				TARGETED_DEVICE_FAMILY = "1,2";
				TEST_HOST = "$(BUILT_PRODUCTS_DIR)/TicTacToeG.app/TicTacToeG";
			};
			name = Release;
		};
		C28DE4C522457B5200003899 /* Debug */ = {
			isa = XCBuildConfiguration;
			buildSettings = {
				ALWAYS_EMBED_SWIFT_STANDARD_LIBRARIES = YES;
				CODE_SIGN_STYLE = Automatic;
				DEVELOPMENT_TEAM = 3494AN3YUF;
				INFOPLIST_FILE = TicTacToeGUITests/Info.plist;
				LD_RUNPATH_SEARCH_PATHS = (
					"$(inherited)",
					"@executable_path/Frameworks",
					"@loader_path/Frameworks",
				);
				PRODUCT_BUNDLE_IDENTIFIER = GodFlowDix.TicTacToeGUITests;
				PRODUCT_NAME = "$(TARGET_NAME)";
				SWIFT_VERSION = 4.2;
				TARGETED_DEVICE_FAMILY = "1,2";
				TEST_TARGET_NAME = TicTacToeG;
			};
			name = Debug;
		};
		C28DE4C622457B5200003899 /* Release */ = {
			isa = XCBuildConfiguration;
			buildSettings = {
				ALWAYS_EMBED_SWIFT_STANDARD_LIBRARIES = YES;
				CODE_SIGN_STYLE = Automatic;
				DEVELOPMENT_TEAM = 3494AN3YUF;
				INFOPLIST_FILE = TicTacToeGUITests/Info.plist;
				LD_RUNPATH_SEARCH_PATHS = (
					"$(inherited)",
					"@executable_path/Frameworks",
					"@loader_path/Frameworks",
				);
				PRODUCT_BUNDLE_IDENTIFIER = GodFlowDix.TicTacToeGUITests;
				PRODUCT_NAME = "$(TARGET_NAME)";
				SWIFT_VERSION = 4.2;
				TARGETED_DEVICE_FAMILY = "1,2";
				TEST_TARGET_NAME = TicTacToeG;
			};
			name = Release;
		};
/* End XCBuildConfiguration section */

/* Begin XCConfigurationList section */
		C28DE48B22457B4E00003899 /* Build configuration list for PBXProject "TicTacToeG" */ = {
			isa = XCConfigurationList;
			buildConfigurations = (
				C28DE4BC22457B5200003899 /* Debug */,
				C28DE4BD22457B5200003899 /* Release */,
			);
			defaultConfigurationIsVisible = 0;
			defaultConfigurationName = Release;
		};
		C28DE4BE22457B5200003899 /* Build configuration list for PBXNativeTarget "TicTacToeG" */ = {
			isa = XCConfigurationList;
			buildConfigurations = (
				C28DE4BF22457B5200003899 /* Debug */,
				C28DE4C022457B5200003899 /* Release */,
			);
			defaultConfigurationIsVisible = 0;
			defaultConfigurationName = Release;
		};
		C28DE4C122457B5200003899 /* Build configuration list for PBXNativeTarget "TicTacToeGTests" */ = {
			isa = XCConfigurationList;
			buildConfigurations = (
				C28DE4C222457B5200003899 /* Debug */,
				C28DE4C322457B5200003899 /* Release */,
			);
			defaultConfigurationIsVisible = 0;
			defaultConfigurationName = Release;
		};
		C28DE4C422457B5200003899 /* Build configuration list for PBXNativeTarget "TicTacToeGUITests" */ = {
			isa = XCConfigurationList;
			buildConfigurations = (
				C28DE4C522457B5200003899 /* Debug */,
				C28DE4C622457B5200003899 /* Release */,
			);
			defaultConfigurationIsVisible = 0;
			defaultConfigurationName = Release;
		};
/* End XCConfigurationList section */
	};
	rootObject = C28DE48822457B4E00003899 /* Project object */;
}
